
Microsoft Visual Studio Solution File, Format Version 12.00
# Visual Studio 15
VisualStudioVersion = 15.0.28307.106
MinimumVisualStudioVersion = 10.0.40219.1
Project("{FAE04EC0-301F-11D3-BF4B-00C04F79EFBC}") = "Renovation", "Renovation\Renovation.csproj", "{621F26AB-68FB-4207-A8BE-F77606DF417E}"
EndProject
Global
	GlobalSection(SolutionConfigurationPlatforms) = preSolution
		Debug|Any CPU = Debug|Any CPU
		Release|Any CPU = Release|Any CPU
	EndGlobalSection
	GlobalSection(ProjectConfigurationPlatforms) = postSolution
		{621F26AB-68FB-4207-A8BE-F77606DF417E}.Debug|Any CPU.ActiveCfg = Debug|Any CPU
		{621F26AB-68FB-4207-A8BE-F77606DF417E}.Debug|Any CPU.Build.0 = Debug|Any CPU
		{621F26AB-68FB-4207-A8BE-F77606DF417E}.Release|Any CPU.ActiveCfg = Release|Any CPU
		{621F26AB-68FB-4207-A8BE-F77606DF417E}.Release|Any CPU.Build.0 = Release|Any CPU
	EndGlobalSection
	GlobalSection(SolutionProperties) = preSolution
		HideSolutionNode = FALSE
	EndGlobalSection
	GlobalSection(ExtensibilityGlobals) = postSolution
		SolutionGuid = {E38EC400-C2BF-468F-A692-77C1244234D4}
	EndGlobalSection
EndGlobal
