
Microsoft Visual Studio Solution File, Format Version 12.00
# Visual Studio 15
VisualStudioVersion = 15.0.28307.106
MinimumVisualStudioVersion = 10.0.40219.1
Project("{FAE04EC0-301F-11D3-BF4B-00C04F79EFBC}") = "1. Sort Even Numbers", "1. Sort Even Numbers\1. Sort Even Numbers.csproj", "{E2CCF51B-1DDE-4DF6-A9D1-5B2B291CEDA3}"
EndProject
Project("{FAE04EC0-301F-11D3-BF4B-00C04F79EFBC}") = "2. Sum Numbers", "2. Sum Numbers\2. Sum Numbers.csproj", "{0CAC7EC6-22AD-43BE-BDEF-463E05A3017F}"
EndProject
Project("{FAE04EC0-301F-11D3-BF4B-00C04F79EFBC}") = "3. Count Uppercase Words", "3. Count Uppercase Words\3. Count Uppercase Words.csproj", "{4B368966-A5B1-4601-A069-B79DE8887DF5}"
EndProject
Project("{FAE04EC0-301F-11D3-BF4B-00C04F79EFBC}") = "4. Add VAT", "4. Add VAT\4. Add VAT.csproj", "{B9113841-E2D9-4487-BC57-AE9F5F6A4369}"
EndProject
Project("{FAE04EC0-301F-11D3-BF4B-00C04F79EFBC}") = "5. Filter by Age", "5. Filter by Age\5. Filter by Age.csproj", "{8A47C359-CB97-402C-A4D7-EB65B712A183}"
EndProject
Global
	GlobalSection(SolutionConfigurationPlatforms) = preSolution
		Debug|Any CPU = Debug|Any CPU
		Release|Any CPU = Release|Any CPU
	EndGlobalSection
	GlobalSection(ProjectConfigurationPlatforms) = postSolution
		{E2CCF51B-1DDE-4DF6-A9D1-5B2B291CEDA3}.Debug|Any CPU.ActiveCfg = Debug|Any CPU
		{E2CCF51B-1DDE-4DF6-A9D1-5B2B291CEDA3}.Debug|Any CPU.Build.0 = Debug|Any CPU
		{E2CCF51B-1DDE-4DF6-A9D1-5B2B291CEDA3}.Release|Any CPU.ActiveCfg = Release|Any CPU
		{E2CCF51B-1DDE-4DF6-A9D1-5B2B291CEDA3}.Release|Any CPU.Build.0 = Release|Any CPU
		{0CAC7EC6-22AD-43BE-BDEF-463E05A3017F}.Debug|Any CPU.ActiveCfg = Debug|Any CPU
		{0CAC7EC6-22AD-43BE-BDEF-463E05A3017F}.Debug|Any CPU.Build.0 = Debug|Any CPU
		{0CAC7EC6-22AD-43BE-BDEF-463E05A3017F}.Release|Any CPU.ActiveCfg = Release|Any CPU
		{0CAC7EC6-22AD-43BE-BDEF-463E05A3017F}.Release|Any CPU.Build.0 = Release|Any CPU
		{4B368966-A5B1-4601-A069-B79DE8887DF5}.Debug|Any CPU.ActiveCfg = Debug|Any CPU
		{4B368966-A5B1-4601-A069-B79DE8887DF5}.Debug|Any CPU.Build.0 = Debug|Any CPU
		{4B368966-A5B1-4601-A069-B79DE8887DF5}.Release|Any CPU.ActiveCfg = Release|Any CPU
		{4B368966-A5B1-4601-A069-B79DE8887DF5}.Release|Any CPU.Build.0 = Release|Any CPU
		{B9113841-E2D9-4487-BC57-AE9F5F6A4369}.Debug|Any CPU.ActiveCfg = Debug|Any CPU
		{B9113841-E2D9-4487-BC57-AE9F5F6A4369}.Debug|Any CPU.Build.0 = Debug|Any CPU
		{B9113841-E2D9-4487-BC57-AE9F5F6A4369}.Release|Any CPU.ActiveCfg = Release|Any CPU
		{B9113841-E2D9-4487-BC57-AE9F5F6A4369}.Release|Any CPU.Build.0 = Release|Any CPU
		{8A47C359-CB97-402C-A4D7-EB65B712A183}.Debug|Any CPU.ActiveCfg = Debug|Any CPU
		{8A47C359-CB97-402C-A4D7-EB65B712A183}.Debug|Any CPU.Build.0 = Debug|Any CPU
		{8A47C359-CB97-402C-A4D7-EB65B712A183}.Release|Any CPU.ActiveCfg = Release|Any CPU
		{8A47C359-CB97-402C-A4D7-EB65B712A183}.Release|Any CPU.Build.0 = Release|Any CPU
	EndGlobalSection
	GlobalSection(SolutionProperties) = preSolution
		HideSolutionNode = FALSE
	EndGlobalSection
	GlobalSection(ExtensibilityGlobals) = postSolution
		SolutionGuid = {CBF17E3F-6FBB-4120-964A-24BB5849AFF9}
	EndGlobalSection
EndGlobal
