
Microsoft Visual Studio Solution File, Format Version 12.00
# Visual Studio 15
VisualStudioVersion = 15.0.28307.106
MinimumVisualStudioVersion = 10.0.40219.1
Project("{9A19103F-16F7-4668-BE54-9A1E7A4F7556}") = "Generics", "Generics\Generics.csproj", "{73E2215A-6B61-4EEA-B6BB-7A45747734DB}"
EndProject
Project("{FAE04EC0-301F-11D3-BF4B-00C04F79EFBC}") = "7.Tuple", "7.Tuple\7.Tuple.csproj", "{067E8752-22A7-40F4-B4DB-F43C3763A769}"
EndProject
Global
	GlobalSection(SolutionConfigurationPlatforms) = preSolution
		Debug|Any CPU = Debug|Any CPU
		Release|Any CPU = Release|Any CPU
	EndGlobalSection
	GlobalSection(ProjectConfigurationPlatforms) = postSolution
		{73E2215A-6B61-4EEA-B6BB-7A45747734DB}.Debug|Any CPU.ActiveCfg = Debug|Any CPU
		{73E2215A-6B61-4EEA-B6BB-7A45747734DB}.Debug|Any CPU.Build.0 = Debug|Any CPU
		{73E2215A-6B61-4EEA-B6BB-7A45747734DB}.Release|Any CPU.ActiveCfg = Release|Any CPU
		{73E2215A-6B61-4EEA-B6BB-7A45747734DB}.Release|Any CPU.Build.0 = Release|Any CPU
		{067E8752-22A7-40F4-B4DB-F43C3763A769}.Debug|Any CPU.ActiveCfg = Debug|Any CPU
		{067E8752-22A7-40F4-B4DB-F43C3763A769}.Debug|Any CPU.Build.0 = Debug|Any CPU
		{067E8752-22A7-40F4-B4DB-F43C3763A769}.Release|Any CPU.ActiveCfg = Release|Any CPU
		{067E8752-22A7-40F4-B4DB-F43C3763A769}.Release|Any CPU.Build.0 = Release|Any CPU
	EndGlobalSection
	GlobalSection(SolutionProperties) = preSolution
		HideSolutionNode = FALSE
	EndGlobalSection
	GlobalSection(ExtensibilityGlobals) = postSolution
		SolutionGuid = {507341D4-20D8-4F9A-8F7D-4D57E8EDAFD6}
	EndGlobalSection
EndGlobal
