
Microsoft Visual Studio Solution File, Format Version 12.00
# Visual Studio Version 16
VisualStudioVersion = 16.0.30104.148
MinimumVisualStudioVersion = 10.0.40219.1
Project("{FAE04EC0-301F-11D3-BF4B-00C04F79EFBC}") = "EfDemo", "EfDemo\EfDemo.csproj", "{A6231129-FBE3-445F-8A27-D988C87B38A0}"
EndProject
Global
	GlobalSection(SolutionConfigurationPlatforms) = preSolution
		Debug|Any CPU = Debug|Any CPU
		Release|Any CPU = Release|Any CPU
	EndGlobalSection
	GlobalSection(ProjectConfigurationPlatforms) = postSolution
		{A6231129-FBE3-445F-8A27-D988C87B38A0}.Debug|Any CPU.ActiveCfg = Debug|Any CPU
		{A6231129-FBE3-445F-8A27-D988C87B38A0}.Debug|Any CPU.Build.0 = Debug|Any CPU
		{A6231129-FBE3-445F-8A27-D988C87B38A0}.Release|Any CPU.ActiveCfg = Release|Any CPU
		{A6231129-FBE3-445F-8A27-D988C87B38A0}.Release|Any CPU.Build.0 = Release|Any CPU
	EndGlobalSection
	GlobalSection(SolutionProperties) = preSolution
		HideSolutionNode = FALSE
	EndGlobalSection
	GlobalSection(ExtensibilityGlobals) = postSolution
		SolutionGuid = {C31B1113-D15B-462F-9EDE-322B8B2FD632}
	EndGlobalSection
EndGlobal
