
Microsoft Visual Studio Solution File, Format Version 12.00
# Visual Studio 15
VisualStudioVersion = 15.0.28307.106
MinimumVisualStudioVersion = 10.0.40219.1
Project("{FAE04EC0-301F-11D3-BF4B-00C04F79EFBC}") = "fruitOrVegie", "fruitOrVegie.csproj", "{A8D8D861-4A06-42E0-B99B-9FEE46886E70}"
EndProject
Global
	GlobalSection(SolutionConfigurationPlatforms) = preSolution
		Debug|Any CPU = Debug|Any CPU
		Release|Any CPU = Release|Any CPU
	EndGlobalSection
	GlobalSection(ProjectConfigurationPlatforms) = postSolution
		{A8D8D861-4A06-42E0-B99B-9FEE46886E70}.Debug|Any CPU.ActiveCfg = Debug|Any CPU
		{A8D8D861-4A06-42E0-B99B-9FEE46886E70}.Debug|Any CPU.Build.0 = Debug|Any CPU
		{A8D8D861-4A06-42E0-B99B-9FEE46886E70}.Release|Any CPU.ActiveCfg = Release|Any CPU
		{A8D8D861-4A06-42E0-B99B-9FEE46886E70}.Release|Any CPU.Build.0 = Release|Any CPU
	EndGlobalSection
	GlobalSection(SolutionProperties) = preSolution
		HideSolutionNode = FALSE
	EndGlobalSection
	GlobalSection(ExtensibilityGlobals) = postSolution
		SolutionGuid = {CBA281F4-B886-4A4E-9C28-8115F59BE473}
	EndGlobalSection
EndGlobal
