
Microsoft Visual Studio Solution File, Format Version 12.00
# Visual Studio 15
VisualStudioVersion = 15.0.28307.106
MinimumVisualStudioVersion = 10.0.40219.1
Project("{FAE04EC0-301F-11D3-BF4B-00C04F79EFBC}") = "Old.books", "Old.books\Old.books.csproj", "{C0FF5E18-F81A-4F6E-91D2-AD45A980FB58}"
EndProject
Project("{FAE04EC0-301F-11D3-BF4B-00C04F79EFBC}") = "Exam.Preparation", "Exam.Preparation\Exam.Preparation.csproj", "{9879BB3D-58DC-47E6-A626-6642E4C05801}"
EndProject
Project("{FAE04EC0-301F-11D3-BF4B-00C04F79EFBC}") = "trip", "trip\trip.csproj", "{1BCA4A6F-18E6-47C7-88D5-712E10124064}"
EndProject
Project("{FAE04EC0-301F-11D3-BF4B-00C04F79EFBC}") = "Coins", "Coins\Coins.csproj", "{4717373C-FC73-4CD2-9C4A-E36017A79657}"
EndProject
Project("{FAE04EC0-301F-11D3-BF4B-00C04F79EFBC}") = "cake", "cake\cake.csproj", "{3C531BE0-345E-47F0-8291-391114563AAF}"
EndProject
Global
	GlobalSection(SolutionConfigurationPlatforms) = preSolution
		Debug|Any CPU = Debug|Any CPU
		Release|Any CPU = Release|Any CPU
	EndGlobalSection
	GlobalSection(ProjectConfigurationPlatforms) = postSolution
		{C0FF5E18-F81A-4F6E-91D2-AD45A980FB58}.Debug|Any CPU.ActiveCfg = Debug|Any CPU
		{C0FF5E18-F81A-4F6E-91D2-AD45A980FB58}.Debug|Any CPU.Build.0 = Debug|Any CPU
		{C0FF5E18-F81A-4F6E-91D2-AD45A980FB58}.Release|Any CPU.ActiveCfg = Release|Any CPU
		{C0FF5E18-F81A-4F6E-91D2-AD45A980FB58}.Release|Any CPU.Build.0 = Release|Any CPU
		{9879BB3D-58DC-47E6-A626-6642E4C05801}.Debug|Any CPU.ActiveCfg = Debug|Any CPU
		{9879BB3D-58DC-47E6-A626-6642E4C05801}.Debug|Any CPU.Build.0 = Debug|Any CPU
		{9879BB3D-58DC-47E6-A626-6642E4C05801}.Release|Any CPU.ActiveCfg = Release|Any CPU
		{9879BB3D-58DC-47E6-A626-6642E4C05801}.Release|Any CPU.Build.0 = Release|Any CPU
		{1BCA4A6F-18E6-47C7-88D5-712E10124064}.Debug|Any CPU.ActiveCfg = Debug|Any CPU
		{1BCA4A6F-18E6-47C7-88D5-712E10124064}.Debug|Any CPU.Build.0 = Debug|Any CPU
		{1BCA4A6F-18E6-47C7-88D5-712E10124064}.Release|Any CPU.ActiveCfg = Release|Any CPU
		{1BCA4A6F-18E6-47C7-88D5-712E10124064}.Release|Any CPU.Build.0 = Release|Any CPU
		{4717373C-FC73-4CD2-9C4A-E36017A79657}.Debug|Any CPU.ActiveCfg = Debug|Any CPU
		{4717373C-FC73-4CD2-9C4A-E36017A79657}.Debug|Any CPU.Build.0 = Debug|Any CPU
		{4717373C-FC73-4CD2-9C4A-E36017A79657}.Release|Any CPU.ActiveCfg = Release|Any CPU
		{4717373C-FC73-4CD2-9C4A-E36017A79657}.Release|Any CPU.Build.0 = Release|Any CPU
		{3C531BE0-345E-47F0-8291-391114563AAF}.Debug|Any CPU.ActiveCfg = Debug|Any CPU
		{3C531BE0-345E-47F0-8291-391114563AAF}.Debug|Any CPU.Build.0 = Debug|Any CPU
		{3C531BE0-345E-47F0-8291-391114563AAF}.Release|Any CPU.ActiveCfg = Release|Any CPU
		{3C531BE0-345E-47F0-8291-391114563AAF}.Release|Any CPU.Build.0 = Release|Any CPU
	EndGlobalSection
	GlobalSection(SolutionProperties) = preSolution
		HideSolutionNode = FALSE
	EndGlobalSection
	GlobalSection(ExtensibilityGlobals) = postSolution
		SolutionGuid = {F9C54D84-F820-4594-A701-7308FFD98D68}
	EndGlobalSection
EndGlobal
