
Microsoft Visual Studio Solution File, Format Version 12.00
# Visual Studio 15
VisualStudioVersion = 15.0.28307.106
MinimumVisualStudioVersion = 10.0.40219.1
Project("{FAE04EC0-301F-11D3-BF4B-00C04F79EFBC}") = "Summer Cocktails", "Summer Cocktails\Summer Cocktails.csproj", "{E73D6B77-D651-46A2-85AF-C97284212DD7}"
EndProject
Project("{FAE04EC0-301F-11D3-BF4B-00C04F79EFBC}") = "Seashell Treasure", "Seashell Treasure\Seashell Treasure.csproj", "{1607E835-A8C7-4FF9-95AC-EB3129B6E6A9}"
EndProject
Project("{FAE04EC0-301F-11D3-BF4B-00C04F79EFBC}") = "Aquarium Adventure", "Aquarium Adventure\Aquarium Adventure.csproj", "{927EC320-3A0F-45B5-963D-7644B64F3263}"
EndProject
Global
	GlobalSection(SolutionConfigurationPlatforms) = preSolution
		Debug|Any CPU = Debug|Any CPU
		Release|Any CPU = Release|Any CPU
	EndGlobalSection
	GlobalSection(ProjectConfigurationPlatforms) = postSolution
		{E73D6B77-D651-46A2-85AF-C97284212DD7}.Debug|Any CPU.ActiveCfg = Debug|Any CPU
		{E73D6B77-D651-46A2-85AF-C97284212DD7}.Debug|Any CPU.Build.0 = Debug|Any CPU
		{E73D6B77-D651-46A2-85AF-C97284212DD7}.Release|Any CPU.ActiveCfg = Release|Any CPU
		{E73D6B77-D651-46A2-85AF-C97284212DD7}.Release|Any CPU.Build.0 = Release|Any CPU
		{1607E835-A8C7-4FF9-95AC-EB3129B6E6A9}.Debug|Any CPU.ActiveCfg = Debug|Any CPU
		{1607E835-A8C7-4FF9-95AC-EB3129B6E6A9}.Debug|Any CPU.Build.0 = Debug|Any CPU
		{1607E835-A8C7-4FF9-95AC-EB3129B6E6A9}.Release|Any CPU.ActiveCfg = Release|Any CPU
		{1607E835-A8C7-4FF9-95AC-EB3129B6E6A9}.Release|Any CPU.Build.0 = Release|Any CPU
		{927EC320-3A0F-45B5-963D-7644B64F3263}.Debug|Any CPU.ActiveCfg = Debug|Any CPU
		{927EC320-3A0F-45B5-963D-7644B64F3263}.Debug|Any CPU.Build.0 = Debug|Any CPU
		{927EC320-3A0F-45B5-963D-7644B64F3263}.Release|Any CPU.ActiveCfg = Release|Any CPU
		{927EC320-3A0F-45B5-963D-7644B64F3263}.Release|Any CPU.Build.0 = Release|Any CPU
	EndGlobalSection
	GlobalSection(SolutionProperties) = preSolution
		HideSolutionNode = FALSE
	EndGlobalSection
	GlobalSection(ExtensibilityGlobals) = postSolution
		SolutionGuid = {55A4F78B-C2A8-4E0C-9D26-7E80C572439D}
	EndGlobalSection
EndGlobal
